
Microsoft Visual Studio Solution File, Format Version 12.00
# Visual Studio Version 16
VisualStudioVersion = 16.0.29911.84
MinimumVisualStudioVersion = 10.0.40219.1
Project("{FAE04EC0-301F-11D3-BF4B-00C04F79EFBC}") = "SalesWebMVC", "SalesWebMVC\SalesWebMVC.csproj", "{6C0847DE-6F8C-4262-BF65-9406C18A6DDC}"
EndProject
Global
	GlobalSection(SolutionConfigurationPlatforms) = preSolution
		Debug|Any CPU = Debug|Any CPU
		Release|Any CPU = Release|Any CPU
	EndGlobalSection
	GlobalSection(ProjectConfigurationPlatforms) = postSolution
		{6C0847DE-6F8C-4262-BF65-9406C18A6DDC}.Debug|Any CPU.ActiveCfg = Debug|Any CPU
		{6C0847DE-6F8C-4262-BF65-9406C18A6DDC}.Debug|Any CPU.Build.0 = Debug|Any CPU
		{6C0847DE-6F8C-4262-BF65-9406C18A6DDC}.Release|Any CPU.ActiveCfg = Release|Any CPU
		{6C0847DE-6F8C-4262-BF65-9406C18A6DDC}.Release|Any CPU.Build.0 = Release|Any CPU
	EndGlobalSection
	GlobalSection(SolutionProperties) = preSolution
		HideSolutionNode = FALSE
	EndGlobalSection
	GlobalSection(ExtensibilityGlobals) = postSolution
		SolutionGuid = {6C63BF17-9C34-4B34-8110-621C96246030}
	EndGlobalSection
EndGlobal
